
Microsoft Visual Studio Solution File, Format Version 12.00
# Visual Studio Version 17
VisualStudioVersion = 17.5.33627.172
MinimumVisualStudioVersion = 10.0.40219.1
Project("{9A19103F-16F7-4668-BE54-9A1E7A4F7556}") = "WpfApp", "WpfApp\WpfApp.csproj", "{8D1D99ED-3CC4-4D6C-9B3E-BE2956F0CADD}"
EndProject
Project("{9A19103F-16F7-4668-BE54-9A1E7A4F7556}") = "BlazorApp.Server", "BlazorApp\Server\BlazorApp.Server.csproj", "{B503F3A3-04B3-49FA-A249-6894B77F24FB}"
EndProject
Project("{9A19103F-16F7-4668-BE54-9A1E7A4F7556}") = "BlazorApp.Client", "BlazorApp\Client\BlazorApp.Client.csproj", "{2ABF0D6F-D132-401C-9FB7-BDE3C6AC55D7}"
EndProject
Project("{9A19103F-16F7-4668-BE54-9A1E7A4F7556}") = "BlazorApp.Shared", "BlazorApp\Shared\BlazorApp.Shared.csproj", "{8BEC8039-9BEF-4D6D-A5AF-DA91C16849A2}"
EndProject
Global
	GlobalSection(SolutionConfigurationPlatforms) = preSolution
		Debug|Any CPU = Debug|Any CPU
		Release|Any CPU = Release|Any CPU
	EndGlobalSection
	GlobalSection(ProjectConfigurationPlatforms) = postSolution
		{8D1D99ED-3CC4-4D6C-9B3E-BE2956F0CADD}.Debug|Any CPU.ActiveCfg = Debug|Any CPU
		{8D1D99ED-3CC4-4D6C-9B3E-BE2956F0CADD}.Debug|Any CPU.Build.0 = Debug|Any CPU
		{8D1D99ED-3CC4-4D6C-9B3E-BE2956F0CADD}.Release|Any CPU.ActiveCfg = Release|Any CPU
		{8D1D99ED-3CC4-4D6C-9B3E-BE2956F0CADD}.Release|Any CPU.Build.0 = Release|Any CPU
		{B503F3A3-04B3-49FA-A249-6894B77F24FB}.Debug|Any CPU.ActiveCfg = Debug|Any CPU
		{B503F3A3-04B3-49FA-A249-6894B77F24FB}.Debug|Any CPU.Build.0 = Debug|Any CPU
		{B503F3A3-04B3-49FA-A249-6894B77F24FB}.Release|Any CPU.ActiveCfg = Release|Any CPU
		{B503F3A3-04B3-49FA-A249-6894B77F24FB}.Release|Any CPU.Build.0 = Release|Any CPU
		{2ABF0D6F-D132-401C-9FB7-BDE3C6AC55D7}.Debug|Any CPU.ActiveCfg = Debug|Any CPU
		{2ABF0D6F-D132-401C-9FB7-BDE3C6AC55D7}.Debug|Any CPU.Build.0 = Debug|Any CPU
		{2ABF0D6F-D132-401C-9FB7-BDE3C6AC55D7}.Release|Any CPU.ActiveCfg = Release|Any CPU
		{2ABF0D6F-D132-401C-9FB7-BDE3C6AC55D7}.Release|Any CPU.Build.0 = Release|Any CPU
		{8BEC8039-9BEF-4D6D-A5AF-DA91C16849A2}.Debug|Any CPU.ActiveCfg = Debug|Any CPU
		{8BEC8039-9BEF-4D6D-A5AF-DA91C16849A2}.Debug|Any CPU.Build.0 = Debug|Any CPU
		{8BEC8039-9BEF-4D6D-A5AF-DA91C16849A2}.Release|Any CPU.ActiveCfg = Release|Any CPU
		{8BEC8039-9BEF-4D6D-A5AF-DA91C16849A2}.Release|Any CPU.Build.0 = Release|Any CPU
	EndGlobalSection
	GlobalSection(SolutionProperties) = preSolution
		HideSolutionNode = FALSE
	EndGlobalSection
	GlobalSection(ExtensibilityGlobals) = postSolution
		SolutionGuid = {5999B19E-F77C-432E-9AEC-46825E0A9DF1}
	EndGlobalSection
EndGlobal
